
Microsoft Visual Studio Solution File, Format Version 12.00
# Visual Studio Version 16
VisualStudioVersion = 16.0.30621.155
MinimumVisualStudioVersion = 10.0.40219.1
Project("{9A19103F-16F7-4668-BE54-9A1E7A4F7556}") = "RDM_Mapfre_API", "RDM_Mapfre_API\RDM_Mapfre_API.csproj", "{AE40F023-2BA3-4F46-A3C1-C0500538B822}"
EndProject
Project("{FAE04EC0-301F-11D3-BF4B-00C04F79EFBC}") = "RDM_Mapfre_Tests", "RDM_Mapfre_Tests\RDM_Mapfre_Tests.csproj", "{6598863A-73A3-46BF-AC92-91D00080C186}"
EndProject
Global
	GlobalSection(SolutionConfigurationPlatforms) = preSolution
		Debug|Any CPU = Debug|Any CPU
		Release|Any CPU = Release|Any CPU
	EndGlobalSection
	GlobalSection(ProjectConfigurationPlatforms) = postSolution
		{AE40F023-2BA3-4F46-A3C1-C0500538B822}.Debug|Any CPU.ActiveCfg = Debug|Any CPU
		{AE40F023-2BA3-4F46-A3C1-C0500538B822}.Debug|Any CPU.Build.0 = Debug|Any CPU
		{AE40F023-2BA3-4F46-A3C1-C0500538B822}.Release|Any CPU.ActiveCfg = Release|Any CPU
		{AE40F023-2BA3-4F46-A3C1-C0500538B822}.Release|Any CPU.Build.0 = Release|Any CPU
		{6598863A-73A3-46BF-AC92-91D00080C186}.Debug|Any CPU.ActiveCfg = Debug|Any CPU
		{6598863A-73A3-46BF-AC92-91D00080C186}.Debug|Any CPU.Build.0 = Debug|Any CPU
		{6598863A-73A3-46BF-AC92-91D00080C186}.Release|Any CPU.ActiveCfg = Release|Any CPU
		{6598863A-73A3-46BF-AC92-91D00080C186}.Release|Any CPU.Build.0 = Release|Any CPU
	EndGlobalSection
	GlobalSection(SolutionProperties) = preSolution
		HideSolutionNode = FALSE
	EndGlobalSection
	GlobalSection(ExtensibilityGlobals) = postSolution
		SolutionGuid = {6C3F4EC6-2A66-46FA-889D-7AE2DE23E46C}
	EndGlobalSection
EndGlobal
